{
  "name": "@theweave/agent-network",
  "version": "1.0.0",
  "lockfileVersion": 3,
  "requires": true,
  "packages": {
    "": {
      "name": "@theweave/agent-network",
      "version": "1.0.0",
      "license": "CC-BY-SA-4.0",
      "dependencies": {
        "express": "^4.18.2",
        "axios": "^1.6.0"
      }
    }
  }
}